
Microsoft Visual Studio Solution File, Format Version 12.00
# Visual Studio Version 17
VisualStudioVersion = 17.6.33829.357
MinimumVisualStudioVersion = 10.0.40219.1
Project("{9A19103F-16F7-4668-BE54-9A1E7A4F7556}") = "secure_api", "secure_api.csproj", "{EC721570-E75F-4C64-B998-A5F8441B75E8}"
EndProject
Global
	GlobalSection(SolutionConfigurationPlatforms) = preSolution
		Debug|Any CPU = Debug|Any CPU
		Release|Any CPU = Release|Any CPU
	EndGlobalSection
	GlobalSection(ProjectConfigurationPlatforms) = postSolution
		{EC721570-E75F-4C64-B998-A5F8441B75E8}.Debug|Any CPU.ActiveCfg = Debug|Any CPU
		{EC721570-E75F-4C64-B998-A5F8441B75E8}.Debug|Any CPU.Build.0 = Debug|Any CPU
		{EC721570-E75F-4C64-B998-A5F8441B75E8}.Release|Any CPU.ActiveCfg = Release|Any CPU
		{EC721570-E75F-4C64-B998-A5F8441B75E8}.Release|Any CPU.Build.0 = Release|Any CPU
	EndGlobalSection
	GlobalSection(SolutionProperties) = preSolution
		HideSolutionNode = FALSE
	EndGlobalSection
	GlobalSection(ExtensibilityGlobals) = postSolution
		SolutionGuid = {46483FC2-9DB1-4A51-9DA9-8D04730F9F48}
	EndGlobalSection
EndGlobal
